
Microsoft Visual Studio Solution File, Format Version 12.00
# Visual Studio Version 17
VisualStudioVersion = 17.8.34309.116
MinimumVisualStudioVersion = 10.0.40219.1
Project("{8BC9CEB8-8B4A-11D0-8D11-00A0C91BC942}") = "Project1", "Project1\Project1.vcxproj", "{CF1A15BF-F4D2-4ADD-9AD5-2F69A5C902A3}"
EndProject
Project("{8BC9CEB8-8B4A-11D0-8D11-00A0C91BC942}") = "多驱动加载", "多驱动加载\多驱动加载.vcxproj", "{422382E8-ED5D-4559-BB6E-292DDE5397A5}"
EndProject
Project("{8BC9CEB8-8B4A-11D0-8D11-00A0C91BC942}") = "22222222222", "22222222222\22222222222.vcxproj", "{32DC71CA-A474-49F8-A418-471E5B153ADC}"
EndProject
Project("{8BC9CEB8-8B4A-11D0-8D11-00A0C91BC942}") = "隐藏进程驱动版", "隐藏进程驱动版\隐藏进程驱动版.vcxproj", "{1985E7F5-ADE5-4133-ABA3-89F7D2136E23}"
EndProject
Project("{8BC9CEB8-8B4A-11D0-8D11-00A0C91BC942}") = "执行指定目录下的bat", "执行指定目录下的bat\执行指定目录下的bat.vcxproj", "{3F503031-4661-4E8C-9E5C-3082413A2F9C}"
EndProject
Project("{8BC9CEB8-8B4A-11D0-8D11-00A0C91BC942}") = "驱动加载高级方法", "驱动加载高级方法\驱动加载高级方法.vcxproj", "{47AB50B7-7182-4AAA-928E-C28B2FE8A0C2}"
EndProject
Global
	GlobalSection(SolutionConfigurationPlatforms) = preSolution
		Debug|x64 = Debug|x64
		Debug|x86 = Debug|x86
		Release|x64 = Release|x64
		Release|x86 = Release|x86
	EndGlobalSection
	GlobalSection(ProjectConfigurationPlatforms) = postSolution
		{CF1A15BF-F4D2-4ADD-9AD5-2F69A5C902A3}.Debug|x64.ActiveCfg = Debug|x64
		{CF1A15BF-F4D2-4ADD-9AD5-2F69A5C902A3}.Debug|x64.Build.0 = Debug|x64
		{CF1A15BF-F4D2-4ADD-9AD5-2F69A5C902A3}.Debug|x86.ActiveCfg = Debug|Win32
		{CF1A15BF-F4D2-4ADD-9AD5-2F69A5C902A3}.Debug|x86.Build.0 = Debug|Win32
		{CF1A15BF-F4D2-4ADD-9AD5-2F69A5C902A3}.Release|x64.ActiveCfg = Release|x64
		{CF1A15BF-F4D2-4ADD-9AD5-2F69A5C902A3}.Release|x64.Build.0 = Release|x64
		{CF1A15BF-F4D2-4ADD-9AD5-2F69A5C902A3}.Release|x86.ActiveCfg = Release|Win32
		{CF1A15BF-F4D2-4ADD-9AD5-2F69A5C902A3}.Release|x86.Build.0 = Release|Win32
		{422382E8-ED5D-4559-BB6E-292DDE5397A5}.Debug|x64.ActiveCfg = Debug|x64
		{422382E8-ED5D-4559-BB6E-292DDE5397A5}.Debug|x64.Build.0 = Debug|x64
		{422382E8-ED5D-4559-BB6E-292DDE5397A5}.Debug|x86.ActiveCfg = Debug|Win32
		{422382E8-ED5D-4559-BB6E-292DDE5397A5}.Debug|x86.Build.0 = Debug|Win32
		{422382E8-ED5D-4559-BB6E-292DDE5397A5}.Release|x64.ActiveCfg = Release|x64
		{422382E8-ED5D-4559-BB6E-292DDE5397A5}.Release|x64.Build.0 = Release|x64
		{422382E8-ED5D-4559-BB6E-292DDE5397A5}.Release|x86.ActiveCfg = Release|Win32
		{422382E8-ED5D-4559-BB6E-292DDE5397A5}.Release|x86.Build.0 = Release|Win32
		{32DC71CA-A474-49F8-A418-471E5B153ADC}.Debug|x64.ActiveCfg = Debug|x64
		{32DC71CA-A474-49F8-A418-471E5B153ADC}.Debug|x64.Build.0 = Debug|x64
		{32DC71CA-A474-49F8-A418-471E5B153ADC}.Debug|x86.ActiveCfg = Debug|Win32
		{32DC71CA-A474-49F8-A418-471E5B153ADC}.Debug|x86.Build.0 = Debug|Win32
		{32DC71CA-A474-49F8-A418-471E5B153ADC}.Release|x64.ActiveCfg = Release|x64
		{32DC71CA-A474-49F8-A418-471E5B153ADC}.Release|x64.Build.0 = Release|x64
		{32DC71CA-A474-49F8-A418-471E5B153ADC}.Release|x86.ActiveCfg = Release|Win32
		{32DC71CA-A474-49F8-A418-471E5B153ADC}.Release|x86.Build.0 = Release|Win32
		{1985E7F5-ADE5-4133-ABA3-89F7D2136E23}.Debug|x64.ActiveCfg = Debug|x64
		{1985E7F5-ADE5-4133-ABA3-89F7D2136E23}.Debug|x64.Build.0 = Debug|x64
		{1985E7F5-ADE5-4133-ABA3-89F7D2136E23}.Debug|x86.ActiveCfg = Debug|Win32
		{1985E7F5-ADE5-4133-ABA3-89F7D2136E23}.Debug|x86.Build.0 = Debug|Win32
		{1985E7F5-ADE5-4133-ABA3-89F7D2136E23}.Release|x64.ActiveCfg = Release|x64
		{1985E7F5-ADE5-4133-ABA3-89F7D2136E23}.Release|x64.Build.0 = Release|x64
		{1985E7F5-ADE5-4133-ABA3-89F7D2136E23}.Release|x86.ActiveCfg = Release|Win32
		{1985E7F5-ADE5-4133-ABA3-89F7D2136E23}.Release|x86.Build.0 = Release|Win32
		{3F503031-4661-4E8C-9E5C-3082413A2F9C}.Debug|x64.ActiveCfg = Debug|x64
		{3F503031-4661-4E8C-9E5C-3082413A2F9C}.Debug|x64.Build.0 = Debug|x64
		{3F503031-4661-4E8C-9E5C-3082413A2F9C}.Debug|x86.ActiveCfg = Debug|Win32
		{3F503031-4661-4E8C-9E5C-3082413A2F9C}.Debug|x86.Build.0 = Debug|Win32
		{3F503031-4661-4E8C-9E5C-3082413A2F9C}.Release|x64.ActiveCfg = Release|x64
		{3F503031-4661-4E8C-9E5C-3082413A2F9C}.Release|x64.Build.0 = Release|x64
		{3F503031-4661-4E8C-9E5C-3082413A2F9C}.Release|x86.ActiveCfg = Release|Win32
		{3F503031-4661-4E8C-9E5C-3082413A2F9C}.Release|x86.Build.0 = Release|Win32
		{47AB50B7-7182-4AAA-928E-C28B2FE8A0C2}.Debug|x64.ActiveCfg = Debug|x64
		{47AB50B7-7182-4AAA-928E-C28B2FE8A0C2}.Debug|x64.Build.0 = Debug|x64
		{47AB50B7-7182-4AAA-928E-C28B2FE8A0C2}.Debug|x86.ActiveCfg = Debug|Win32
		{47AB50B7-7182-4AAA-928E-C28B2FE8A0C2}.Debug|x86.Build.0 = Debug|Win32
		{47AB50B7-7182-4AAA-928E-C28B2FE8A0C2}.Release|x64.ActiveCfg = Release|x64
		{47AB50B7-7182-4AAA-928E-C28B2FE8A0C2}.Release|x64.Build.0 = Release|x64
		{47AB50B7-7182-4AAA-928E-C28B2FE8A0C2}.Release|x86.ActiveCfg = Release|Win32
		{47AB50B7-7182-4AAA-928E-C28B2FE8A0C2}.Release|x86.Build.0 = Release|Win32
	EndGlobalSection
	GlobalSection(SolutionProperties) = preSolution
		HideSolutionNode = FALSE
	EndGlobalSection
	GlobalSection(ExtensibilityGlobals) = postSolution
		SolutionGuid = {309C5FC3-34DD-4C3C-9AED-EE17A0A23982}
	EndGlobalSection
EndGlobal
